# THIS IS AN AUTOGENERATED FILE. DO NOT EDIT THIS FILE DIRECTLY.
# yarn lockfile v1


"@polymer/font-roboto@^3.0.1":
  version "3.0.1"
  resolved "https://registry.yarnpkg.com/@polymer/font-roboto/-/font-roboto-3.0.1.tgz#0f3e184ce1c09e132653e34cbbbf1014164a986c"

"@polymer/polymer@^3.0.5":
  version "3.0.5"
  resolved "https://registry.yarnpkg.com/@polymer/polymer/-/polymer-3.0.5.tgz#eaa42e70df7de818b5e1839452c82a5f83e39929"
  dependencies:
    "@webcomponents/shadycss" "^1.2.0"

"@webcomponents/shadycss@^1.2.0":
  version "1.5.0"
  resolved "https://registry.yarnpkg.com/@webcomponents/shadycss/-/shadycss-1.5.0.tgz#109e596027eed04bc5032414c9f094e1aeb9260e"
